
Microsoft Visual Studio Solution File, Format Version 12.00
# Visual Studio Version 16
VisualStudioVersion = 16.0.34031.81
MinimumVisualStudioVersion = 10.0.40219.1
Project("{2150E333-8FDC-42A3-9474-1A3956D46DE8}") = "ShopManagement", "ShopManagement", "{5119B9E5-44CF-4D10-8CAB-64B8ABAE232A}"
EndProject
Project("{9A19103F-16F7-4668-BE54-9A1E7A4F7556}") = "0_SelfBuildFramwork", "0_SelfBuildFramwork\0_SelfBuildFramwork.csproj", "{A4755823-04BF-44E7-A018-D4A73600E455}"
EndProject
Project("{2150E333-8FDC-42A3-9474-1A3956D46DE8}") = "SM.Domain", "SM.Domain", "{7FF961D3-F46F-48AB-949F-5DBE4CD9CCB7}"
EndProject
Project("{2150E333-8FDC-42A3-9474-1A3956D46DE8}") = "SM.Application", "SM.Application", "{8953465D-DABB-4DD0-A0F6-CCF0FFAE23CB}"
EndProject
Project("{9A19103F-16F7-4668-BE54-9A1E7A4F7556}") = "ShopManagement.Domain", "ShopManagement.Domain\ShopManagement.Domain.csproj", "{154CB803-8B48-46F7-A2E3-602C5690E995}"
EndProject
Project("{9A19103F-16F7-4668-BE54-9A1E7A4F7556}") = "ShopManagement.Application", "ShopManagement.Application\ShopManagement.Application.csproj", "{909217E5-BB8A-4FD1-95D2-0FD877194915}"
EndProject
Project("{9A19103F-16F7-4668-BE54-9A1E7A4F7556}") = "ShopManagement.Application.Contract", "ShopManagement.Application.Contract\ShopManagement.Application.Contract.csproj", "{56C8BBCE-9733-4D1A-B265-A03C1509F17C}"
EndProject
Project("{2150E333-8FDC-42A3-9474-1A3956D46DE8}") = "SM.Infrastracture", "SM.Infrastracture", "{791F78E7-74FA-4507-B7F6-B330D23054C1}"
EndProject
Project("{9A19103F-16F7-4668-BE54-9A1E7A4F7556}") = "ShopManagment.InfraStracture.EfCore", "ShopManagment.InfraStracture.EfCore\ShopManagment.InfraStracture.EfCore.csproj", "{BD298C92-70E9-4F3B-896A-F7FA66BE27AD}"
EndProject
Project("{9A19103F-16F7-4668-BE54-9A1E7A4F7556}") = "ShopManagment.Infrastracture.Config", "ShopManagment.Infrastracture.Config\ShopManagment.Infrastracture.Config.csproj", "{F5481264-5C82-4EAC-ACE7-5A9120F0C1F5}"
EndProject
Project("{9A19103F-16F7-4668-BE54-9A1E7A4F7556}") = "ServiceHost", "ServiceHost\ServiceHost.csproj", "{BA894CBD-F1E5-4576-9FC2-DBB52D72915E}"
EndProject
Project("{9A19103F-16F7-4668-BE54-9A1E7A4F7556}") = "MahinaBoutique.Query", "MahinaBoutique.Query\MahinaBoutique.Query.csproj", "{BC631D5E-57C2-43F9-8012-E5D67DA5E7D5}"
EndProject
Project("{2150E333-8FDC-42A3-9474-1A3956D46DE8}") = "DiscountManagement", "DiscountManagement", "{A6576BBC-C51F-4DD8-956A-4F755264050D}"
EndProject
Project("{2150E333-8FDC-42A3-9474-1A3956D46DE8}") = "DM.Domain", "DM.Domain", "{53A5DA8E-41DC-481E-ADA2-06A9F82B1D46}"
EndProject
Project("{9A19103F-16F7-4668-BE54-9A1E7A4F7556}") = "DiscountManagement.Domain", "DiscountManagement.Domain\DiscountManagement.Domain.csproj", "{AEDC36A2-B9FD-4D19-80F1-3B9346339FF9}"
EndProject
Project("{2150E333-8FDC-42A3-9474-1A3956D46DE8}") = "DM.Application", "DM.Application", "{FDB5E727-9F41-4F07-8438-D4E0692F4C9D}"
EndProject
Project("{9A19103F-16F7-4668-BE54-9A1E7A4F7556}") = "DiscountManagement.Application.Contract", "DiscountManagement.Application.Contract\DiscountManagement.Application.Contract.csproj", "{604EA8EF-B7E1-4E42-A444-1D8ED310AC9B}"
EndProject
Project("{2150E333-8FDC-42A3-9474-1A3956D46DE8}") = "DM.Infrastracture", "DM.Infrastracture", "{575D1B13-CDB5-4BE0-A877-9D68D7DFBB16}"
EndProject
Project("{9A19103F-16F7-4668-BE54-9A1E7A4F7556}") = "DiscountManagement.Infrastracture.EFCore", "DiscountManagement.Infrastracture.EFCore\DiscountManagement.Infrastracture.EFCore.csproj", "{9E704075-893D-4A4E-B568-9999EE615A7E}"
EndProject
Project("{9A19103F-16F7-4668-BE54-9A1E7A4F7556}") = "DiscountManagement.Application", "DiscountMangement.Application\DiscountManagement.Application.csproj", "{1596523B-9BB2-4C00-8A96-8002CBAE9E1A}"
EndProject
Project("{9A19103F-16F7-4668-BE54-9A1E7A4F7556}") = "DiscountManagement.Infrastracture.Config", "DiscountManagemenet.Infrastracture.Config\DiscountManagement.Infrastracture.Config.csproj", "{E05C1A45-F1AA-44BE-81AF-9A348F69F0DE}"
EndProject
Project("{2150E333-8FDC-42A3-9474-1A3956D46DE8}") = "InventoryManagement", "InventoryManagement", "{4EB8B0F3-933E-4204-8E2B-036CC67C2C94}"
EndProject
Project("{2150E333-8FDC-42A3-9474-1A3956D46DE8}") = "IM.Domain", "IM.Domain", "{74E9E808-43D2-4C50-9EA1-BB777522FC11}"
EndProject
Project("{9A19103F-16F7-4668-BE54-9A1E7A4F7556}") = "InventoryManagement.Domain", "InventoryManagement.Domain\InventoryManagement.Domain.csproj", "{67C464D2-3B08-44E8-A961-8EE29C3474C1}"
EndProject
Project("{2150E333-8FDC-42A3-9474-1A3956D46DE8}") = "IM.Application", "IM.Application", "{F3E95FBB-94D0-4F05-909C-0B13176A326E}"
EndProject
Project("{9A19103F-16F7-4668-BE54-9A1E7A4F7556}") = "InventoryManagement.Application.Contract", "InventoryManagement.Application.Contract\InventoryManagement.Application.Contract.csproj", "{881F84DE-C09B-410F-A291-BD17512C9CDB}"
EndProject
Project("{2150E333-8FDC-42A3-9474-1A3956D46DE8}") = "IM.Infrastracture", "IM.Infrastracture", "{0E7BC1DF-7CBA-4ACD-A569-C0853571C832}"
EndProject
Project("{9A19103F-16F7-4668-BE54-9A1E7A4F7556}") = "InventoryManagement.Infrastracture.EfCore", "InventoryManagement.Infrastracture.EfCore\InventoryManagement.Infrastracture.EfCore.csproj", "{851A9CDA-50E8-4E8A-AC77-0CCF1E737F5F}"
EndProject
Project("{9A19103F-16F7-4668-BE54-9A1E7A4F7556}") = "InventoryManagement.Infrastracture.Config", "InventoryManagement.Infrastracture.Config\InventoryManagement.Infrastracture.Config.csproj", "{77F0740A-851B-4BDA-AFEE-C432090ADC98}"
EndProject
Project("{9A19103F-16F7-4668-BE54-9A1E7A4F7556}") = "InventoryManagement.Application", "InventoryManagement.Application\InventoryManagement.Application.csproj", "{750C23B7-A6DA-4491-84E9-4D1DC22A5645}"
EndProject
Project("{2150E333-8FDC-42A3-9474-1A3956D46DE8}") = "BlogManagement", "BlogManagement", "{377823F4-4237-474A-8E60-C2ECFF96476E}"
EndProject
Project("{2150E333-8FDC-42A3-9474-1A3956D46DE8}") = "BM.Domain", "BM.Domain", "{CC4F7405-579F-4457-B56C-FF8469395C3D}"
EndProject
Project("{9A19103F-16F7-4668-BE54-9A1E7A4F7556}") = "BlogManagement.Domain", "BlogManagement.Domain\BlogManagement.Domain.csproj", "{6AC98ACB-D34B-4880-A96C-F0B56F2130B8}"
EndProject
Project("{2150E333-8FDC-42A3-9474-1A3956D46DE8}") = "BM.Application", "BM.Application", "{A5E09B5E-205B-4BB6-9952-18B0385B1A2E}"
EndProject
Project("{9A19103F-16F7-4668-BE54-9A1E7A4F7556}") = "BlogManagement.Application.Contract", "BlogManagement.Application.Contract\BlogManagement.Application.Contract.csproj", "{5A1C03CA-9B7D-4AA4-8265-3BF2323EB093}"
EndProject
Project("{9A19103F-16F7-4668-BE54-9A1E7A4F7556}") = "BlogManagement.Application", "BlogManagement.Application\BlogManagement.Application.csproj", "{18F2D5FB-5C46-471F-931A-644E49000A71}"
EndProject
Project("{2150E333-8FDC-42A3-9474-1A3956D46DE8}") = "BM.Infrastracture", "BM.Infrastracture", "{9F4A3EA2-E528-4B29-B6C9-40266D3F36D8}"
EndProject
Project("{9A19103F-16F7-4668-BE54-9A1E7A4F7556}") = "BlogManagement.Infrastracture.EfCore", "BlogManagement.Infrastracture.EfCore\BlogManagement.Infrastracture.EfCore.csproj", "{23AC743B-635D-48EA-B548-AE6E91685B86}"
EndProject
Project("{9A19103F-16F7-4668-BE54-9A1E7A4F7556}") = "BlogManagement.Infrastracture.Config", "BlogManagement.Infrastracture.Config\BlogManagement.Infrastracture.Config.csproj", "{44ABF17D-BCC4-4322-BF36-9068E9E79C53}"
EndProject
Project("{2150E333-8FDC-42A3-9474-1A3956D46DE8}") = "CommentManagement", "CommentManagement", "{EA811FED-36C1-4695-BFCD-7E8EB4E9071D}"
EndProject
Project("{2150E333-8FDC-42A3-9474-1A3956D46DE8}") = "CM.Domain", "CM.Domain", "{ABFE9C7D-6DB3-4E50-9019-618586BA3194}"
EndProject
Project("{9A19103F-16F7-4668-BE54-9A1E7A4F7556}") = "CommentManagement.Domain", "CommentManagement.Domain\CommentManagement.Domain.csproj", "{4B860218-0399-428C-B407-71E04858A7E3}"
EndProject
Project("{2150E333-8FDC-42A3-9474-1A3956D46DE8}") = "CM.Application", "CM.Application", "{5365FC2E-63A7-409C-B7FF-03CEBB9A1E4D}"
EndProject
Project("{9A19103F-16F7-4668-BE54-9A1E7A4F7556}") = "CommentManagement.Application.Contract", "CommentManagement.Application.Contract\CommentManagement.Application.Contract.csproj", "{245104DC-6D8B-4ED0-9A09-6B08A00EFF32}"
EndProject
Project("{9A19103F-16F7-4668-BE54-9A1E7A4F7556}") = "CommentManagement.Application", "CommentManagement.Application\CommentManagement.Application.csproj", "{35EE2653-A90E-4A42-8B53-956DB919F048}"
EndProject
Project("{2150E333-8FDC-42A3-9474-1A3956D46DE8}") = "CM.Infrastracture", "CM.Infrastracture", "{33D52B81-8C43-4C14-B615-C89DCC4CACC4}"
EndProject
Project("{9A19103F-16F7-4668-BE54-9A1E7A4F7556}") = "CommentManagement.Infrastracture.EfCore", "CommentMangement.Infrastracture.EfCore\CommentManagement.Infrastracture.EfCore.csproj", "{52ABF801-BBC3-4427-A4AD-D3968855F42D}"
EndProject
Project("{9A19103F-16F7-4668-BE54-9A1E7A4F7556}") = "CommentManagement.Infrastracture.Config", "CommentManagement.Infrastracture.Config\CommentManagement.Infrastracture.Config.csproj", "{CA9F3635-3571-4E67-8A1A-C7B3218BF8C9}"
EndProject
Project("{2150E333-8FDC-42A3-9474-1A3956D46DE8}") = "AccountManagement", "AccountManagement", "{6B6C7F6F-95C0-4211-B6F8-0C74DA8AD937}"
EndProject
Project("{2150E333-8FDC-42A3-9474-1A3956D46DE8}") = "AM.Domain", "AM.Domain", "{759921EE-CE6F-42FD-A45F-133F4EA60A00}"
EndProject
Project("{9A19103F-16F7-4668-BE54-9A1E7A4F7556}") = "AccountManagement.Domain", "AccountManagement.Domain\AccountManagement.Domain.csproj", "{966B0855-FAB8-4484-ADAB-097CD6C20A18}"
EndProject
Project("{2150E333-8FDC-42A3-9474-1A3956D46DE8}") = "AM.Application", "AM.Application", "{494E5887-0B79-4D68-8C94-CD422C70A987}"
EndProject
Project("{9A19103F-16F7-4668-BE54-9A1E7A4F7556}") = "AccountManagement.Application.Contract", "AccountManagement.Application.Contract\AccountManagement.Application.Contract.csproj", "{6CBAC923-9518-40D5-BA0A-C0DF0E6154A1}"
EndProject
Project("{9A19103F-16F7-4668-BE54-9A1E7A4F7556}") = "AccountManagement.Application", "AccountManagement.Application\AccountManagement.Application.csproj", "{CCBB3602-C169-41E3-A146-B689D192956A}"
EndProject
Project("{2150E333-8FDC-42A3-9474-1A3956D46DE8}") = "AM.Infrastracture", "AM.Infrastracture", "{0A46DC6E-2340-4CCB-869B-DDE9BFA2B840}"
EndProject
Project("{9A19103F-16F7-4668-BE54-9A1E7A4F7556}") = "AccountManagement.Infrastracture.EfCore", "AccountManagement.Infrastracture.EfCore\AccountManagement.Infrastracture.EfCore.csproj", "{F3DD43AC-DC9A-4FCA-BEE8-DCDACCB1E480}"
EndProject
Project("{9A19103F-16F7-4668-BE54-9A1E7A4F7556}") = "AccountManagement.Infrastracture.Config", "AccountManagement.Infrastracture.Config\AccountManagement.Infrastracture.Config.csproj", "{01B49040-E21B-40E2-AA7A-17219E2513C1}"
EndProject
Global
	GlobalSection(SolutionConfigurationPlatforms) = preSolution
		Debug|Any CPU = Debug|Any CPU
		Release|Any CPU = Release|Any CPU
	EndGlobalSection
	GlobalSection(ProjectConfigurationPlatforms) = postSolution
		{A4755823-04BF-44E7-A018-D4A73600E455}.Debug|Any CPU.ActiveCfg = Debug|Any CPU
		{A4755823-04BF-44E7-A018-D4A73600E455}.Debug|Any CPU.Build.0 = Debug|Any CPU
		{A4755823-04BF-44E7-A018-D4A73600E455}.Release|Any CPU.ActiveCfg = Release|Any CPU
		{A4755823-04BF-44E7-A018-D4A73600E455}.Release|Any CPU.Build.0 = Release|Any CPU
		{154CB803-8B48-46F7-A2E3-602C5690E995}.Debug|Any CPU.ActiveCfg = Debug|Any CPU
		{154CB803-8B48-46F7-A2E3-602C5690E995}.Debug|Any CPU.Build.0 = Debug|Any CPU
		{154CB803-8B48-46F7-A2E3-602C5690E995}.Release|Any CPU.ActiveCfg = Release|Any CPU
		{154CB803-8B48-46F7-A2E3-602C5690E995}.Release|Any CPU.Build.0 = Release|Any CPU
		{909217E5-BB8A-4FD1-95D2-0FD877194915}.Debug|Any CPU.ActiveCfg = Debug|Any CPU
		{909217E5-BB8A-4FD1-95D2-0FD877194915}.Debug|Any CPU.Build.0 = Debug|Any CPU
		{909217E5-BB8A-4FD1-95D2-0FD877194915}.Release|Any CPU.ActiveCfg = Release|Any CPU
		{909217E5-BB8A-4FD1-95D2-0FD877194915}.Release|Any CPU.Build.0 = Release|Any CPU
		{56C8BBCE-9733-4D1A-B265-A03C1509F17C}.Debug|Any CPU.ActiveCfg = Debug|Any CPU
		{56C8BBCE-9733-4D1A-B265-A03C1509F17C}.Debug|Any CPU.Build.0 = Debug|Any CPU
		{56C8BBCE-9733-4D1A-B265-A03C1509F17C}.Release|Any CPU.ActiveCfg = Release|Any CPU
		{56C8BBCE-9733-4D1A-B265-A03C1509F17C}.Release|Any CPU.Build.0 = Release|Any CPU
		{BD298C92-70E9-4F3B-896A-F7FA66BE27AD}.Debug|Any CPU.ActiveCfg = Debug|Any CPU
		{BD298C92-70E9-4F3B-896A-F7FA66BE27AD}.Debug|Any CPU.Build.0 = Debug|Any CPU
		{BD298C92-70E9-4F3B-896A-F7FA66BE27AD}.Release|Any CPU.ActiveCfg = Release|Any CPU
		{BD298C92-70E9-4F3B-896A-F7FA66BE27AD}.Release|Any CPU.Build.0 = Release|Any CPU
		{F5481264-5C82-4EAC-ACE7-5A9120F0C1F5}.Debug|Any CPU.ActiveCfg = Debug|Any CPU
		{F5481264-5C82-4EAC-ACE7-5A9120F0C1F5}.Debug|Any CPU.Build.0 = Debug|Any CPU
		{F5481264-5C82-4EAC-ACE7-5A9120F0C1F5}.Release|Any CPU.ActiveCfg = Release|Any CPU
		{F5481264-5C82-4EAC-ACE7-5A9120F0C1F5}.Release|Any CPU.Build.0 = Release|Any CPU
		{BA894CBD-F1E5-4576-9FC2-DBB52D72915E}.Debug|Any CPU.ActiveCfg = Debug|Any CPU
		{BA894CBD-F1E5-4576-9FC2-DBB52D72915E}.Debug|Any CPU.Build.0 = Debug|Any CPU
		{BA894CBD-F1E5-4576-9FC2-DBB52D72915E}.Release|Any CPU.ActiveCfg = Release|Any CPU
		{BA894CBD-F1E5-4576-9FC2-DBB52D72915E}.Release|Any CPU.Build.0 = Release|Any CPU
		{BC631D5E-57C2-43F9-8012-E5D67DA5E7D5}.Debug|Any CPU.ActiveCfg = Debug|Any CPU
		{BC631D5E-57C2-43F9-8012-E5D67DA5E7D5}.Debug|Any CPU.Build.0 = Debug|Any CPU
		{BC631D5E-57C2-43F9-8012-E5D67DA5E7D5}.Release|Any CPU.ActiveCfg = Release|Any CPU
		{BC631D5E-57C2-43F9-8012-E5D67DA5E7D5}.Release|Any CPU.Build.0 = Release|Any CPU
		{AEDC36A2-B9FD-4D19-80F1-3B9346339FF9}.Debug|Any CPU.ActiveCfg = Debug|Any CPU
		{AEDC36A2-B9FD-4D19-80F1-3B9346339FF9}.Debug|Any CPU.Build.0 = Debug|Any CPU
		{AEDC36A2-B9FD-4D19-80F1-3B9346339FF9}.Release|Any CPU.ActiveCfg = Release|Any CPU
		{AEDC36A2-B9FD-4D19-80F1-3B9346339FF9}.Release|Any CPU.Build.0 = Release|Any CPU
		{604EA8EF-B7E1-4E42-A444-1D8ED310AC9B}.Debug|Any CPU.ActiveCfg = Debug|Any CPU
		{604EA8EF-B7E1-4E42-A444-1D8ED310AC9B}.Debug|Any CPU.Build.0 = Debug|Any CPU
		{604EA8EF-B7E1-4E42-A444-1D8ED310AC9B}.Release|Any CPU.ActiveCfg = Release|Any CPU
		{604EA8EF-B7E1-4E42-A444-1D8ED310AC9B}.Release|Any CPU.Build.0 = Release|Any CPU
		{9E704075-893D-4A4E-B568-9999EE615A7E}.Debug|Any CPU.ActiveCfg = Debug|Any CPU
		{9E704075-893D-4A4E-B568-9999EE615A7E}.Debug|Any CPU.Build.0 = Debug|Any CPU
		{9E704075-893D-4A4E-B568-9999EE615A7E}.Release|Any CPU.ActiveCfg = Release|Any CPU
		{9E704075-893D-4A4E-B568-9999EE615A7E}.Release|Any CPU.Build.0 = Release|Any CPU
		{1596523B-9BB2-4C00-8A96-8002CBAE9E1A}.Debug|Any CPU.ActiveCfg = Debug|Any CPU
		{1596523B-9BB2-4C00-8A96-8002CBAE9E1A}.Debug|Any CPU.Build.0 = Debug|Any CPU
		{1596523B-9BB2-4C00-8A96-8002CBAE9E1A}.Release|Any CPU.ActiveCfg = Release|Any CPU
		{1596523B-9BB2-4C00-8A96-8002CBAE9E1A}.Release|Any CPU.Build.0 = Release|Any CPU
		{E05C1A45-F1AA-44BE-81AF-9A348F69F0DE}.Debug|Any CPU.ActiveCfg = Debug|Any CPU
		{E05C1A45-F1AA-44BE-81AF-9A348F69F0DE}.Debug|Any CPU.Build.0 = Debug|Any CPU
		{E05C1A45-F1AA-44BE-81AF-9A348F69F0DE}.Release|Any CPU.ActiveCfg = Release|Any CPU
		{E05C1A45-F1AA-44BE-81AF-9A348F69F0DE}.Release|Any CPU.Build.0 = Release|Any CPU
		{67C464D2-3B08-44E8-A961-8EE29C3474C1}.Debug|Any CPU.ActiveCfg = Debug|Any CPU
		{67C464D2-3B08-44E8-A961-8EE29C3474C1}.Debug|Any CPU.Build.0 = Debug|Any CPU
		{67C464D2-3B08-44E8-A961-8EE29C3474C1}.Release|Any CPU.ActiveCfg = Release|Any CPU
		{67C464D2-3B08-44E8-A961-8EE29C3474C1}.Release|Any CPU.Build.0 = Release|Any CPU
		{881F84DE-C09B-410F-A291-BD17512C9CDB}.Debug|Any CPU.ActiveCfg = Debug|Any CPU
		{881F84DE-C09B-410F-A291-BD17512C9CDB}.Debug|Any CPU.Build.0 = Debug|Any CPU
		{881F84DE-C09B-410F-A291-BD17512C9CDB}.Release|Any CPU.ActiveCfg = Release|Any CPU
		{881F84DE-C09B-410F-A291-BD17512C9CDB}.Release|Any CPU.Build.0 = Release|Any CPU
		{851A9CDA-50E8-4E8A-AC77-0CCF1E737F5F}.Debug|Any CPU.ActiveCfg = Debug|Any CPU
		{851A9CDA-50E8-4E8A-AC77-0CCF1E737F5F}.Debug|Any CPU.Build.0 = Debug|Any CPU
		{851A9CDA-50E8-4E8A-AC77-0CCF1E737F5F}.Release|Any CPU.ActiveCfg = Release|Any CPU
		{851A9CDA-50E8-4E8A-AC77-0CCF1E737F5F}.Release|Any CPU.Build.0 = Release|Any CPU
		{77F0740A-851B-4BDA-AFEE-C432090ADC98}.Debug|Any CPU.ActiveCfg = Debug|Any CPU
		{77F0740A-851B-4BDA-AFEE-C432090ADC98}.Debug|Any CPU.Build.0 = Debug|Any CPU
		{77F0740A-851B-4BDA-AFEE-C432090ADC98}.Release|Any CPU.ActiveCfg = Release|Any CPU
		{77F0740A-851B-4BDA-AFEE-C432090ADC98}.Release|Any CPU.Build.0 = Release|Any CPU
		{750C23B7-A6DA-4491-84E9-4D1DC22A5645}.Debug|Any CPU.ActiveCfg = Debug|Any CPU
		{750C23B7-A6DA-4491-84E9-4D1DC22A5645}.Debug|Any CPU.Build.0 = Debug|Any CPU
		{750C23B7-A6DA-4491-84E9-4D1DC22A5645}.Release|Any CPU.ActiveCfg = Release|Any CPU
		{750C23B7-A6DA-4491-84E9-4D1DC22A5645}.Release|Any CPU.Build.0 = Release|Any CPU
		{6AC98ACB-D34B-4880-A96C-F0B56F2130B8}.Debug|Any CPU.ActiveCfg = Debug|Any CPU
		{6AC98ACB-D34B-4880-A96C-F0B56F2130B8}.Debug|Any CPU.Build.0 = Debug|Any CPU
		{6AC98ACB-D34B-4880-A96C-F0B56F2130B8}.Release|Any CPU.ActiveCfg = Release|Any CPU
		{6AC98ACB-D34B-4880-A96C-F0B56F2130B8}.Release|Any CPU.Build.0 = Release|Any CPU
		{5A1C03CA-9B7D-4AA4-8265-3BF2323EB093}.Debug|Any CPU.ActiveCfg = Debug|Any CPU
		{5A1C03CA-9B7D-4AA4-8265-3BF2323EB093}.Debug|Any CPU.Build.0 = Debug|Any CPU
		{5A1C03CA-9B7D-4AA4-8265-3BF2323EB093}.Release|Any CPU.ActiveCfg = Release|Any CPU
		{5A1C03CA-9B7D-4AA4-8265-3BF2323EB093}.Release|Any CPU.Build.0 = Release|Any CPU
		{18F2D5FB-5C46-471F-931A-644E49000A71}.Debug|Any CPU.ActiveCfg = Debug|Any CPU
		{18F2D5FB-5C46-471F-931A-644E49000A71}.Debug|Any CPU.Build.0 = Debug|Any CPU
		{18F2D5FB-5C46-471F-931A-644E49000A71}.Release|Any CPU.ActiveCfg = Release|Any CPU
		{18F2D5FB-5C46-471F-931A-644E49000A71}.Release|Any CPU.Build.0 = Release|Any CPU
		{23AC743B-635D-48EA-B548-AE6E91685B86}.Debug|Any CPU.ActiveCfg = Debug|Any CPU
		{23AC743B-635D-48EA-B548-AE6E91685B86}.Debug|Any CPU.Build.0 = Debug|Any CPU
		{23AC743B-635D-48EA-B548-AE6E91685B86}.Release|Any CPU.ActiveCfg = Release|Any CPU
		{23AC743B-635D-48EA-B548-AE6E91685B86}.Release|Any CPU.Build.0 = Release|Any CPU
		{44ABF17D-BCC4-4322-BF36-9068E9E79C53}.Debug|Any CPU.ActiveCfg = Debug|Any CPU
		{44ABF17D-BCC4-4322-BF36-9068E9E79C53}.Debug|Any CPU.Build.0 = Debug|Any CPU
		{44ABF17D-BCC4-4322-BF36-9068E9E79C53}.Release|Any CPU.ActiveCfg = Release|Any CPU
		{44ABF17D-BCC4-4322-BF36-9068E9E79C53}.Release|Any CPU.Build.0 = Release|Any CPU
		{4B860218-0399-428C-B407-71E04858A7E3}.Debug|Any CPU.ActiveCfg = Debug|Any CPU
		{4B860218-0399-428C-B407-71E04858A7E3}.Debug|Any CPU.Build.0 = Debug|Any CPU
		{4B860218-0399-428C-B407-71E04858A7E3}.Release|Any CPU.ActiveCfg = Release|Any CPU
		{4B860218-0399-428C-B407-71E04858A7E3}.Release|Any CPU.Build.0 = Release|Any CPU
		{245104DC-6D8B-4ED0-9A09-6B08A00EFF32}.Debug|Any CPU.ActiveCfg = Debug|Any CPU
		{245104DC-6D8B-4ED0-9A09-6B08A00EFF32}.Debug|Any CPU.Build.0 = Debug|Any CPU
		{245104DC-6D8B-4ED0-9A09-6B08A00EFF32}.Release|Any CPU.ActiveCfg = Release|Any CPU
		{245104DC-6D8B-4ED0-9A09-6B08A00EFF32}.Release|Any CPU.Build.0 = Release|Any CPU
		{35EE2653-A90E-4A42-8B53-956DB919F048}.Debug|Any CPU.ActiveCfg = Debug|Any CPU
		{35EE2653-A90E-4A42-8B53-956DB919F048}.Debug|Any CPU.Build.0 = Debug|Any CPU
		{35EE2653-A90E-4A42-8B53-956DB919F048}.Release|Any CPU.ActiveCfg = Release|Any CPU
		{35EE2653-A90E-4A42-8B53-956DB919F048}.Release|Any CPU.Build.0 = Release|Any CPU
		{52ABF801-BBC3-4427-A4AD-D3968855F42D}.Debug|Any CPU.ActiveCfg = Debug|Any CPU
		{52ABF801-BBC3-4427-A4AD-D3968855F42D}.Debug|Any CPU.Build.0 = Debug|Any CPU
		{52ABF801-BBC3-4427-A4AD-D3968855F42D}.Release|Any CPU.ActiveCfg = Release|Any CPU
		{52ABF801-BBC3-4427-A4AD-D3968855F42D}.Release|Any CPU.Build.0 = Release|Any CPU
		{CA9F3635-3571-4E67-8A1A-C7B3218BF8C9}.Debug|Any CPU.ActiveCfg = Debug|Any CPU
		{CA9F3635-3571-4E67-8A1A-C7B3218BF8C9}.Debug|Any CPU.Build.0 = Debug|Any CPU
		{CA9F3635-3571-4E67-8A1A-C7B3218BF8C9}.Release|Any CPU.ActiveCfg = Release|Any CPU
		{CA9F3635-3571-4E67-8A1A-C7B3218BF8C9}.Release|Any CPU.Build.0 = Release|Any CPU
		{966B0855-FAB8-4484-ADAB-097CD6C20A18}.Debug|Any CPU.ActiveCfg = Debug|Any CPU
		{966B0855-FAB8-4484-ADAB-097CD6C20A18}.Debug|Any CPU.Build.0 = Debug|Any CPU
		{966B0855-FAB8-4484-ADAB-097CD6C20A18}.Release|Any CPU.ActiveCfg = Release|Any CPU
		{966B0855-FAB8-4484-ADAB-097CD6C20A18}.Release|Any CPU.Build.0 = Release|Any CPU
		{6CBAC923-9518-40D5-BA0A-C0DF0E6154A1}.Debug|Any CPU.ActiveCfg = Debug|Any CPU
		{6CBAC923-9518-40D5-BA0A-C0DF0E6154A1}.Debug|Any CPU.Build.0 = Debug|Any CPU
		{6CBAC923-9518-40D5-BA0A-C0DF0E6154A1}.Release|Any CPU.ActiveCfg = Release|Any CPU
		{6CBAC923-9518-40D5-BA0A-C0DF0E6154A1}.Release|Any CPU.Build.0 = Release|Any CPU
		{CCBB3602-C169-41E3-A146-B689D192956A}.Debug|Any CPU.ActiveCfg = Debug|Any CPU
		{CCBB3602-C169-41E3-A146-B689D192956A}.Debug|Any CPU.Build.0 = Debug|Any CPU
		{CCBB3602-C169-41E3-A146-B689D192956A}.Release|Any CPU.ActiveCfg = Release|Any CPU
		{CCBB3602-C169-41E3-A146-B689D192956A}.Release|Any CPU.Build.0 = Release|Any CPU
		{F3DD43AC-DC9A-4FCA-BEE8-DCDACCB1E480}.Debug|Any CPU.ActiveCfg = Debug|Any CPU
		{F3DD43AC-DC9A-4FCA-BEE8-DCDACCB1E480}.Debug|Any CPU.Build.0 = Debug|Any CPU
		{F3DD43AC-DC9A-4FCA-BEE8-DCDACCB1E480}.Release|Any CPU.ActiveCfg = Release|Any CPU
		{F3DD43AC-DC9A-4FCA-BEE8-DCDACCB1E480}.Release|Any CPU.Build.0 = Release|Any CPU
		{01B49040-E21B-40E2-AA7A-17219E2513C1}.Debug|Any CPU.ActiveCfg = Debug|Any CPU
		{01B49040-E21B-40E2-AA7A-17219E2513C1}.Debug|Any CPU.Build.0 = Debug|Any CPU
		{01B49040-E21B-40E2-AA7A-17219E2513C1}.Release|Any CPU.ActiveCfg = Release|Any CPU
		{01B49040-E21B-40E2-AA7A-17219E2513C1}.Release|Any CPU.Build.0 = Release|Any CPU
	EndGlobalSection
	GlobalSection(SolutionProperties) = preSolution
		HideSolutionNode = FALSE
	EndGlobalSection
	GlobalSection(NestedProjects) = preSolution
		{7FF961D3-F46F-48AB-949F-5DBE4CD9CCB7} = {5119B9E5-44CF-4D10-8CAB-64B8ABAE232A}
		{8953465D-DABB-4DD0-A0F6-CCF0FFAE23CB} = {5119B9E5-44CF-4D10-8CAB-64B8ABAE232A}
		{154CB803-8B48-46F7-A2E3-602C5690E995} = {7FF961D3-F46F-48AB-949F-5DBE4CD9CCB7}
		{909217E5-BB8A-4FD1-95D2-0FD877194915} = {8953465D-DABB-4DD0-A0F6-CCF0FFAE23CB}
		{56C8BBCE-9733-4D1A-B265-A03C1509F17C} = {8953465D-DABB-4DD0-A0F6-CCF0FFAE23CB}
		{791F78E7-74FA-4507-B7F6-B330D23054C1} = {5119B9E5-44CF-4D10-8CAB-64B8ABAE232A}
		{BD298C92-70E9-4F3B-896A-F7FA66BE27AD} = {791F78E7-74FA-4507-B7F6-B330D23054C1}
		{F5481264-5C82-4EAC-ACE7-5A9120F0C1F5} = {791F78E7-74FA-4507-B7F6-B330D23054C1}
		{53A5DA8E-41DC-481E-ADA2-06A9F82B1D46} = {A6576BBC-C51F-4DD8-956A-4F755264050D}
		{AEDC36A2-B9FD-4D19-80F1-3B9346339FF9} = {53A5DA8E-41DC-481E-ADA2-06A9F82B1D46}
		{FDB5E727-9F41-4F07-8438-D4E0692F4C9D} = {A6576BBC-C51F-4DD8-956A-4F755264050D}
		{604EA8EF-B7E1-4E42-A444-1D8ED310AC9B} = {FDB5E727-9F41-4F07-8438-D4E0692F4C9D}
		{575D1B13-CDB5-4BE0-A877-9D68D7DFBB16} = {A6576BBC-C51F-4DD8-956A-4F755264050D}
		{9E704075-893D-4A4E-B568-9999EE615A7E} = {575D1B13-CDB5-4BE0-A877-9D68D7DFBB16}
		{1596523B-9BB2-4C00-8A96-8002CBAE9E1A} = {FDB5E727-9F41-4F07-8438-D4E0692F4C9D}
		{E05C1A45-F1AA-44BE-81AF-9A348F69F0DE} = {575D1B13-CDB5-4BE0-A877-9D68D7DFBB16}
		{74E9E808-43D2-4C50-9EA1-BB777522FC11} = {4EB8B0F3-933E-4204-8E2B-036CC67C2C94}
		{67C464D2-3B08-44E8-A961-8EE29C3474C1} = {74E9E808-43D2-4C50-9EA1-BB777522FC11}
		{F3E95FBB-94D0-4F05-909C-0B13176A326E} = {4EB8B0F3-933E-4204-8E2B-036CC67C2C94}
		{881F84DE-C09B-410F-A291-BD17512C9CDB} = {F3E95FBB-94D0-4F05-909C-0B13176A326E}
		{0E7BC1DF-7CBA-4ACD-A569-C0853571C832} = {4EB8B0F3-933E-4204-8E2B-036CC67C2C94}
		{851A9CDA-50E8-4E8A-AC77-0CCF1E737F5F} = {0E7BC1DF-7CBA-4ACD-A569-C0853571C832}
		{77F0740A-851B-4BDA-AFEE-C432090ADC98} = {0E7BC1DF-7CBA-4ACD-A569-C0853571C832}
		{750C23B7-A6DA-4491-84E9-4D1DC22A5645} = {F3E95FBB-94D0-4F05-909C-0B13176A326E}
		{CC4F7405-579F-4457-B56C-FF8469395C3D} = {377823F4-4237-474A-8E60-C2ECFF96476E}
		{6AC98ACB-D34B-4880-A96C-F0B56F2130B8} = {CC4F7405-579F-4457-B56C-FF8469395C3D}
		{A5E09B5E-205B-4BB6-9952-18B0385B1A2E} = {377823F4-4237-474A-8E60-C2ECFF96476E}
		{5A1C03CA-9B7D-4AA4-8265-3BF2323EB093} = {A5E09B5E-205B-4BB6-9952-18B0385B1A2E}
		{18F2D5FB-5C46-471F-931A-644E49000A71} = {A5E09B5E-205B-4BB6-9952-18B0385B1A2E}
		{9F4A3EA2-E528-4B29-B6C9-40266D3F36D8} = {377823F4-4237-474A-8E60-C2ECFF96476E}
		{23AC743B-635D-48EA-B548-AE6E91685B86} = {9F4A3EA2-E528-4B29-B6C9-40266D3F36D8}
		{44ABF17D-BCC4-4322-BF36-9068E9E79C53} = {9F4A3EA2-E528-4B29-B6C9-40266D3F36D8}
		{ABFE9C7D-6DB3-4E50-9019-618586BA3194} = {EA811FED-36C1-4695-BFCD-7E8EB4E9071D}
		{4B860218-0399-428C-B407-71E04858A7E3} = {ABFE9C7D-6DB3-4E50-9019-618586BA3194}
		{5365FC2E-63A7-409C-B7FF-03CEBB9A1E4D} = {EA811FED-36C1-4695-BFCD-7E8EB4E9071D}
		{245104DC-6D8B-4ED0-9A09-6B08A00EFF32} = {5365FC2E-63A7-409C-B7FF-03CEBB9A1E4D}
		{35EE2653-A90E-4A42-8B53-956DB919F048} = {5365FC2E-63A7-409C-B7FF-03CEBB9A1E4D}
		{33D52B81-8C43-4C14-B615-C89DCC4CACC4} = {EA811FED-36C1-4695-BFCD-7E8EB4E9071D}
		{52ABF801-BBC3-4427-A4AD-D3968855F42D} = {33D52B81-8C43-4C14-B615-C89DCC4CACC4}
		{CA9F3635-3571-4E67-8A1A-C7B3218BF8C9} = {33D52B81-8C43-4C14-B615-C89DCC4CACC4}
		{759921EE-CE6F-42FD-A45F-133F4EA60A00} = {6B6C7F6F-95C0-4211-B6F8-0C74DA8AD937}
		{966B0855-FAB8-4484-ADAB-097CD6C20A18} = {759921EE-CE6F-42FD-A45F-133F4EA60A00}
		{494E5887-0B79-4D68-8C94-CD422C70A987} = {6B6C7F6F-95C0-4211-B6F8-0C74DA8AD937}
		{6CBAC923-9518-40D5-BA0A-C0DF0E6154A1} = {494E5887-0B79-4D68-8C94-CD422C70A987}
		{CCBB3602-C169-41E3-A146-B689D192956A} = {494E5887-0B79-4D68-8C94-CD422C70A987}
		{0A46DC6E-2340-4CCB-869B-DDE9BFA2B840} = {6B6C7F6F-95C0-4211-B6F8-0C74DA8AD937}
		{F3DD43AC-DC9A-4FCA-BEE8-DCDACCB1E480} = {0A46DC6E-2340-4CCB-869B-DDE9BFA2B840}
		{01B49040-E21B-40E2-AA7A-17219E2513C1} = {0A46DC6E-2340-4CCB-869B-DDE9BFA2B840}
	EndGlobalSection
	GlobalSection(ExtensibilityGlobals) = postSolution
		SolutionGuid = {68712CDF-AFC0-464C-88A1-35BFA20D1523}
	EndGlobalSection
EndGlobal
